// !$*UTF8*$!
{
	archiveVersion = 1;
	classes = {
	};
	objectVersion = 50;
	objects = {

/* Begin PBXBuildFile section */
		0D60096225D94E5D004E7FDD /* AppDelegate.swift in Sources */ = {isa = PBXBuildFile; fileRef = 0D60096125D94E5D004E7FDD /* AppDelegate.swift */; };
		0D60096425D94E5D004E7FDD /* SceneDelegate.swift in Sources */ = {isa = PBXBuildFile; fileRef = 0D60096325D94E5D004E7FDD /* SceneDelegate.swift */; };
		0D60096625D94E5D004E7FDD /* ViewController.swift in Sources */ = {isa = PBXBuildFile; fileRef = 0D60096525D94E5D004E7FDD /* ViewController.swift */; };
		0D60096925D94E5D004E7FDD /* Main.storyboard in Resources */ = {isa = PBXBuildFile; fileRef = 0D60096725D94E5D004E7FDD /* Main.storyboard */; };
		0D60096B25D94E62004E7FDD /* Assets.xcassets in Resources */ = {isa = PBXBuildFile; fileRef = 0D60096A25D94E62004E7FDD /* Assets.xcassets */; };
		0D60096E25D94E62004E7FDD /* LaunchScreen.storyboard in Resources */ = {isa = PBXBuildFile; fileRef = 0D60096C25D94E62004E7FDD /* LaunchScreen.storyboard */; };
		0D60097825D9B1D1004E7FDD /* MetaWeatherData.swift in Sources */ = {isa = PBXBuildFile; fileRef = 0D60097725D9B1D1004E7FDD /* MetaWeatherData.swift */; };
/* End PBXBuildFile section */

/* Begin PBXFileReference section */
		0D60095E25D94E5D004E7FDD /* HelloWorld Networking.app */ = {isa = PBXFileReference; explicitFileType = wrapper.application; includeInIndex = 0; path = "HelloWorld Networking.app"; sourceTree = BUILT_PRODUCTS_DIR; };
		0D60096125D94E5D004E7FDD /* AppDelegate.swift */ = {isa = PBXFileReference; lastKnownFileType = sourcecode.swift; path = AppDelegate.swift; sourceTree = "<group>"; };
		0D60096325D94E5D004E7FDD /* SceneDelegate.swift */ = {isa = PBXFileReference; lastKnownFileType = sourcecode.swift; path = SceneDelegate.swift; sourceTree = "<group>"; };
		0D60096525D94E5D004E7FDD /* ViewController.swift */ = {isa = PBXFileReference; lastKnownFileType = sourcecode.swift; path = ViewController.swift; sourceTree = "<group>"; };
		0D60096825D94E5D004E7FDD /* Base */ = {isa = PBXFileReference; lastKnownFileType = file.storyboard; name = Base; path = Base.lproj/Main.storyboard; sourceTree = "<group>"; };
		0D60096A25D94E62004E7FDD /* Assets.xcassets */ = {isa = PBXFileReference; lastKnownFileType = folder.assetcatalog; path = Assets.xcassets; sourceTree = "<group>"; };
		0D60096D25D94E62004E7FDD /* Base */ = {isa = PBXFileReference; lastKnownFileType = file.storyboard; name = Base; path = Base.lproj/LaunchScreen.storyboard; sourceTree = "<group>"; };
		0D60096F25D94E62004E7FDD /* Info.plist */ = {isa = PBXFileReference; lastKnownFileType = text.plist.xml; path = Info.plist; sourceTree = "<group>"; };
		0D60097725D9B1D1004E7FDD /* MetaWeatherData.swift */ = {isa = PBXFileReference; lastKnownFileType = sourcecode.swift; path = MetaWeatherData.swift; sourceTree = "<group>"; };
/* End PBXFileReference section */

/* Begin PBXFrameworksBuildPhase section */
		0D60095B25D94E5D004E7FDD /* Frameworks */ = {
			isa = PBXFrameworksBuildPhase;
			buildActionMask = 2147483647;
			files = (
			);
			runOnlyForDeploymentPostprocessing = 0;
		};
/* End PBXFrameworksBuildPhase section */

/* Begin PBXGroup section */
		0D60095525D94E5D004E7FDD = {
			isa = PBXGroup;
			children = (
				0D60096025D94E5D004E7FDD /* HelloWorld Networking */,
				0D60095F25D94E5D004E7FDD /* Products */,
			);
			sourceTree = "<group>";
		};
		0D60095F25D94E5D004E7FDD /* Products */ = {
			isa = PBXGroup;
			children = (
				0D60095E25D94E5D004E7FDD /* HelloWorld Networking.app */,
			);
			name = Products;
			sourceTree = "<group>";
		};
		0D60096025D94E5D004E7FDD /* HelloWorld Networking */ = {
			isa = PBXGroup;
			children = (
				0D60096125D94E5D004E7FDD /* AppDelegate.swift */,
				0D60096325D94E5D004E7FDD /* SceneDelegate.swift */,
				0D60096525D94E5D004E7FDD /* ViewController.swift */,
				0D60096725D94E5D004E7FDD /* Main.storyboard */,
				0D60096A25D94E62004E7FDD /* Assets.xcassets */,
				0D60096C25D94E62004E7FDD /* LaunchScreen.storyboard */,
				0D60096F25D94E62004E7FDD /* Info.plist */,
				0D60097725D9B1D1004E7FDD /* MetaWeatherData.swift */,
			);
			path = "HelloWorld Networking";
			sourceTree = "<group>";
		};
/* End PBXGroup section */

/* Begin PBXNativeTarget section */
		0D60095D25D94E5D004E7FDD /* HelloWorld Networking */ = {
			isa = PBXNativeTarget;
			buildConfigurationList = 0D60097225D94E62004E7FDD /* Build configuration list for PBXNativeTarget "HelloWorld Networking" */;
			buildPhases = (
				0D60095A25D94E5D004E7FDD /* Sources */,
				0D60095B25D94E5D004E7FDD /* Frameworks */,
				0D60095C25D94E5D004E7FDD /* Resources */,
			);
			buildRules = (
			);
			dependencies = (
			);
			name = "HelloWorld Networking";
			productName = "HelloWorld Networking";
			productReference = 0D60095E25D94E5D004E7FDD /* HelloWorld Networking.app */;
			productType = "com.apple.product-type.application";
		};
/* End PBXNativeTarget section */

/* Begin PBXProject section */
		0D60095625D94E5D004E7FDD /* Project object */ = {
			isa = PBXProject;
			attributes = {
				LastSwiftUpdateCheck = 1220;
				LastUpgradeCheck = 1220;
				TargetAttributes = {
					0D60095D25D94E5D004E7FDD = {
						CreatedOnToolsVersion = 12.2;
					};
				};
			};
			buildConfigurationList = 0D60095925D94E5D004E7FDD /* Build configuration list for PBXProject "HelloWorld Networking" */;
			compatibilityVersion = "Xcode 9.3";
			developmentRegion = en;
			hasScannedForEncodings = 0;
			knownRegions = (
				en,
				Base,
			);
			mainGroup = 0D60095525D94E5D004E7FDD;
			productRefGroup = 0D60095F25D94E5D004E7FDD /* Products */;
			projectDirPath = "";
			projectRoot = "";
			targets = (
				0D60095D25D94E5D004E7FDD /* HelloWorld Networking */,
			);
		};
/* End PBXProject section */

/* Begin PBXResourcesBuildPhase section */
		0D60095C25D94E5D004E7FDD /* Resources */ = {
			isa = PBXResourcesBuildPhase;
			buildActionMask = 2147483647;
			files = (
				0D60096E25D94E62004E7FDD /* LaunchScreen.storyboard in Resources */,
				0D60096B25D94E62004E7FDD /* Assets.xcassets in Resources */,
				0D60096925D94E5D004E7FDD /* Main.storyboard in Resources */,
			);
			runOnlyForDeploymentPostprocessing = 0;
		};
/* End PBXResourcesBuildPhase section */

/* Begin PBXSourcesBuildPhase section */
		0D60095A25D94E5D004E7FDD /* Sources */ = {
			isa = PBXSourcesBuildPhase;
			buildActionMask = 2147483647;
			files = (
				0D60096625D94E5D004E7FDD /* ViewController.swift in Sources */,
				0D60097825D9B1D1004E7FDD /* MetaWeatherData.swift in Sources */,
				0D60096225D94E5D004E7FDD /* AppDelegate.swift in Sources */,
				0D60096425D94E5D004E7FDD /* SceneDelegate.swift in Sources */,
			);
			runOnlyForDeploymentPostprocessing = 0;
		};
/* End PBXSourcesBuildPhase section */

/* Begin PBXVariantGroup section */
		0D60096725D94E5D004E7FDD /* Main.storyboard */ = {
			isa = PBXVariantGroup;
			children = (
				0D60096825D94E5D004E7FDD /* Base */,
			);
			name = Main.storyboard;
			sourceTree = "<group>";
		};
		0D60096C25D94E62004E7FDD /* LaunchScreen.storyboard */ = {
			isa = PBXVariantGroup;
			children = (
				0D60096D25D94E62004E7FDD /* Base */,
			);
			name = LaunchScreen.storyboard;
			sourceTree = "<group>";
		};
/* End PBXVariantGroup section */

/* Begin XCBuildConfiguration section */
		0D60097025D94E62004E7FDD /* Debug */ = {
			isa = XCBuildConfiguration;
			buildSettings = {
				ALWAYS_SEARCH_USER_PATHS = NO;
				CLANG_ANALYZER_NONNULL = YES;
				CLANG_ANALYZER_NUMBER_OBJECT_CONVERSION = YES_AGGRESSIVE;
				CLANG_CXX_LANGUAGE_STANDARD = "gnu++14";
				CLANG_CXX_LIBRARY = "libc++";
				CLANG_ENABLE_MODULES = YES;
				CLANG_ENABLE_OBJC_ARC = YES;
				CLANG_ENABLE_OBJC_WEAK = YES;
				CLANG_WARN_BLOCK_CAPTURE_AUTORELEASING = YES;
				CLANG_WARN_BOOL_CONVERSION = YES;
				CLANG_WARN_COMMA = YES;
				CLANG_WARN_CONSTANT_CONVERSION = YES;
				CLANG_WARN_DEPRECATED_OBJC_IMPLEMENTATIONS = YES;
				CLANG_WARN_DIRECT_OBJC_ISA_USAGE = YES_ERROR;
				CLANG_WARN_DOCUMENTATION_COMMENTS = YES;
				CLANG_WARN_EMPTY_BODY = YES;
				CLANG_WARN_ENUM_CONVERSION = YES;
				CLANG_WARN_INFINITE_RECURSION = YES;
				CLANG_WARN_INT_CONVERSION = YES;
				CLANG_WARN_NON_LITERAL_NULL_CONVERSION = YES;
				CLANG_WARN_OBJC_IMPLICIT_RETAIN_SELF = YES;
				CLANG_WARN_OBJC_LITERAL_CONVERSION = YES;
				CLANG_WARN_OBJC_ROOT_CLASS = YES_ERROR;
				CLANG_WARN_QUOTED_INCLUDE_IN_FRAMEWORK_HEADER = YES;
				CLANG_WARN_RANGE_LOOP_ANALYSIS = YES;
				CLANG_WARN_STRICT_PROTOTYPES = YES;
				CLANG_WARN_SUSPICIOUS_MOVE = YES;
				CLANG_WARN_UNGUARDED_AVAILABILITY = YES_AGGRESSIVE;
				CLANG_WARN_UNREACHABLE_CODE = YES;
				CLANG_WARN__DUPLICATE_METHOD_MATCH = YES;
				COPY_PHASE_STRIP = NO;
				DEBUG_INFORMATION_FORMAT = dwarf;
				ENABLE_STRICT_OBJC_MSGSEND = YES;
				ENABLE_TESTABILITY = YES;
				GCC_C_LANGUAGE_STANDARD = gnu11;
				GCC_DYNAMIC_NO_PIC = NO;
				GCC_NO_COMMON_BLOCKS = YES;
				GCC_OPTIMIZATION_LEVEL = 0;
				GCC_PREPROCESSOR_DEFINITIONS = (
					"DEBUG=1",
					"$(inherited)",
				);
				GCC_WARN_64_TO_32_BIT_CONVERSION = YES;
				GCC_WARN_ABOUT_RETURN_TYPE = YES_ERROR;
				GCC_WARN_UNDECLARED_SELECTOR = YES;
				GCC_WARN_UNINITIALIZED_AUTOS = YES_AGGRESSIVE;
				GCC_WARN_UNUSED_FUNCTION = YES;
				GCC_WARN_UNUSED_VARIABLE = YES;
				IPHONEOS_DEPLOYMENT_TARGET = 14.2;
				MTL_ENABLE_DEBUG_INFO = INCLUDE_SOURCE;
				MTL_FAST_MATH = YES;
				ONLY_ACTIVE_ARCH = YES;
				SDKROOT = iphoneos;
				SWIFT_ACTIVE_COMPILATION_CONDITIONS = DEBUG;
				SWIFT_OPTIMIZATION_LEVEL = "-Onone";
			};
			name = Debug;
		};
		0D60097125D94E62004E7FDD /* Release */ = {
			isa = XCBuildConfiguration;
			buildSettings = {
				ALWAYS_SEARCH_USER_PATHS = NO;
				CLANG_ANALYZER_NONNULL = YES;
				CLANG_ANALYZER_NUMBER_OBJECT_CONVERSION = YES_AGGRESSIVE;
				CLANG_CXX_LANGUAGE_STANDARD = "gnu++14";
				CLANG_CXX_LIBRARY = "libc++";
				CLANG_ENABLE_MODULES = YES;
				CLANG_ENABLE_OBJC_ARC = YES;
				CLANG_ENABLE_OBJC_WEAK = YES;
				CLANG_WARN_BLOCK_CAPTURE_AUTORELEASING = YES;
				CLANG_WARN_BOOL_CONVERSION = YES;
				CLANG_WARN_COMMA = YES;
				CLANG_WARN_CONSTANT_CONVERSION = YES;
				CLANG_WARN_DEPRECATED_OBJC_IMPLEMENTATIONS = YES;
				CLANG_WARN_DIRECT_OBJC_ISA_USAGE = YES_ERROR;
				CLANG_WARN_DOCUMENTATION_COMMENTS = YES;
				CLANG_WARN_EMPTY_BODY = YES;
				CLANG_WARN_ENUM_CONVERSION = YES;
				CLANG_WARN_INFINITE_RECURSION = YES;
				CLANG_WARN_INT_CONVERSION = YES;
				CLANG_WARN_NON_LITERAL_NULL_CONVERSION = YES;
				CLANG_WARN_OBJC_IMPLICIT_RETAIN_SELF = YES;
				CLANG_WARN_OBJC_LITERAL_CONVERSION = YES;
				CLANG_WARN_OBJC_ROOT_CLASS = YES_ERROR;
				CLANG_WARN_QUOTED_INCLUDE_IN_FRAMEWORK_HEADER = YES;
				CLANG_WARN_RANGE_LOOP_ANALYSIS = YES;
				CLANG_WARN_STRICT_PROTOTYPES = YES;
				CLANG_WARN_SUSPICIOUS_MOVE = YES;
				CLANG_WARN_UNGUARDED_AVAILABILITY = YES_AGGRESSIVE;
				CLANG_WARN_UNREACHABLE_CODE = YES;
				CLANG_WARN__DUPLICATE_METHOD_MATCH = YES;
				COPY_PHASE_STRIP = NO;
				DEBUG_INFORMATION_FORMAT = "dwarf-with-dsym";
				ENABLE_NS_ASSERTIONS = NO;
				ENABLE_STRICT_OBJC_MSGSEND = YES;
				GCC_C_LANGUAGE_STANDARD = gnu11;
				GCC_NO_COMMON_BLOCKS = YES;
				GCC_WARN_64_TO_32_BIT_CONVERSION = YES;
				GCC_WARN_ABOUT_RETURN_TYPE = YES_ERROR;
				GCC_WARN_UNDECLARED_SELECTOR = YES;
				GCC_WARN_UNINITIALIZED_AUTOS = YES_AGGRESSIVE;
				GCC_WARN_UNUSED_FUNCTION = YES;
				GCC_WARN_UNUSED_VARIABLE = YES;
				IPHONEOS_DEPLOYMENT_TARGET = 14.2;
				MTL_ENABLE_DEBUG_INFO = NO;
				MTL_FAST_MATH = YES;
				SDKROOT = iphoneos;
				SWIFT_COMPILATION_MODE = wholemodule;
				SWIFT_OPTIMIZATION_LEVEL = "-O";
				VALIDATE_PRODUCT = YES;
			};
			name = Release;
		};
		0D60097325D94E62004E7FDD /* Debug */ = {
			isa = XCBuildConfiguration;
			buildSettings = {
				ASSETCATALOG_COMPILER_APPICON_NAME = AppIcon;
				ASSETCATALOG_COMPILER_GLOBAL_ACCENT_COLOR_NAME = AccentColor;
				CODE_SIGN_STYLE = Automatic;
				DEVELOPMENT_TEAM = 9WDAJC25YW;
				INFOPLIST_FILE = "HelloWorld Networking/Info.plist";
				LD_RUNPATH_SEARCH_PATHS = (
					"$(inherited)",
					"@executable_path/Frameworks",
				);
				PRODUCT_BUNDLE_IDENTIFIER = "com.ishaan.HelloWorld-Networking";
				PRODUCT_NAME = "$(TARGET_NAME)";
				SWIFT_VERSION = 5.0;
				TARGETED_DEVICE_FAMILY = "1,2";
			};
			name = Debug;
		};
		0D60097425D94E62004E7FDD /* Release */ = {
			isa = XCBuildConfiguration;
			buildSettings = {
				ASSETCATALOG_COMPILER_APPICON_NAME = AppIcon;
				ASSETCATALOG_COMPILER_GLOBAL_ACCENT_COLOR_NAME = AccentColor;
				CODE_SIGN_STYLE = Automatic;
				DEVELOPMENT_TEAM = 9WDAJC25YW;
				INFOPLIST_FILE = "HelloWorld Networking/Info.plist";
				LD_RUNPATH_SEARCH_PATHS = (
					"$(inherited)",
					"@executable_path/Frameworks",
				);
				PRODUCT_BUNDLE_IDENTIFIER = "com.ishaan.HelloWorld-Networking";
				PRODUCT_NAME = "$(TARGET_NAME)";
				SWIFT_VERSION = 5.0;
				TARGETED_DEVICE_FAMILY = "1,2";
			};
			name = Release;
		};
/* End XCBuildConfiguration section */

/* Begin XCConfigurationList section */
		0D60095925D94E5D004E7FDD /* Build configuration list for PBXProject "HelloWorld Networking" */ = {
			isa = XCConfigurationList;
			buildConfigurations = (
				0D60097025D94E62004E7FDD /* Debug */,
				0D60097125D94E62004E7FDD /* Release */,
			);
			defaultConfigurationIsVisible = 0;
			defaultConfigurationName = Release;
		};
		0D60097225D94E62004E7FDD /* Build configuration list for PBXNativeTarget "HelloWorld Networking" */ = {
			isa = XCConfigurationList;
			buildConfigurations = (
				0D60097325D94E62004E7FDD /* Debug */,
				0D60097425D94E62004E7FDD /* Release */,
			);
			defaultConfigurationIsVisible = 0;
			defaultConfigurationName = Release;
		};
/* End XCConfigurationList section */
	};
	rootObject = 0D60095625D94E5D004E7FDD /* Project object */;
}
